{
  "nodes": {
    "nixpkgs": {
      "locked": {
        "lastModified": 1778232045,
        "narHash": "sha256-Qu0sOLDw+VxmYxlPaC76LGT3xlDDtcb1WWmhDBlonSc=",
        "owner": "NixOS",
        "repo": "nixpkgs",
        "rev": "8e58c3dfe4bd7cac174c2496c5dba3a12a1e2688",
        "type": "github"
      },
      "original": {
        "owner": "NixOS",
        "repo": "nixpkgs",
        "rev": "8e58c3dfe4bd7cac174c2496c5dba3a12a1e2688",
        "type": "github"
      }
    },
    "root": {
      "inputs": {
        "nixpkgs": "nixpkgs"
      }
    }
  },
  "root": "root",
  "version": 7
}
