{
  "nodes": {
    "nixpkgs": {
      "locked": {
        "lastModified": 1778232045,
        "narHash": "sha256-Qu0sOLDw+VxmYxlPaC76LGT3xlDDtcb1WWmhDBlonSc=",
        "owner": "NixOS",
        "repo": "nixpkgs",
        "rev": "8e58c3dfe4bd7cac174c2496c5dba3a12a1e2688",
        "type": "github"
      },
      "original": {
        "owner": "NixOS",
        "repo": "nixpkgs",
        "rev": "8e58c3dfe4bd7cac174c2496c5dba3a12a1e2688",
        "type": "github"
      }
    },
    "root": {
      "inputs": {
        "nixpkgs": "nixpkgs",
        "tooling-nixpkgs": "tooling-nixpkgs"
      }
    },
    "tooling-nixpkgs": {
      "locked": {
        "lastModified": 1777954456,
        "narHash": "sha256-hGdgeU2Nk87RAuZyYjyDjFL6LK7dAZN5RE9+hrDTkDU=",
        "owner": "NixOS",
        "repo": "nixpkgs",
        "rev": "549bd84d6279f9852cae6225e372cc67fb91a4c1",
        "type": "github"
      },
      "original": {
        "owner": "NixOS",
        "ref": "nixos-unstable",
        "repo": "nixpkgs",
        "type": "github"
      }
    }
  },
  "root": "root",
  "version": 7
}
